
Microsoft Visual Studio Solution File, Format Version 12.00
# Visual Studio 2013
VisualStudioVersion = 12.0.30723.0
MinimumVisualStudioVersion = 10.0.40219.1
Project("{8BC9CEB8-8B4A-11D0-8D11-00A0C91BC942}") = "porter", "porter\porter.vcxproj", "{697532FF-D1C4-439A-8D02-89843161B0F3}"
EndProject
Project("{8BC9CEB8-8B4A-11D0-8D11-00A0C91BC942}") = "Stemmer", "Stemmer\Stemmer.vcxproj", "{48335677-8037-4628-BAF1-7594AEB1D46A}"
	ProjectSection(ProjectDependencies) = postProject
		{697532FF-D1C4-439A-8D02-89843161B0F3} = {697532FF-D1C4-439A-8D02-89843161B0F3}
	EndProjectSection
EndProject
Project("{FAE04EC0-301F-11D3-BF4B-00C04F79EFBC}") = "Bayes", "Bayes\Bayes.csproj", "{4EC45EC2-C273-4D19-8CED-5C9038A85BA6}"
EndProject
Global
	GlobalSection(SolutionConfigurationPlatforms) = preSolution
		Debug|Any CPU = Debug|Any CPU
		Debug|Mixed Platforms = Debug|Mixed Platforms
		Debug|Win32 = Debug|Win32
		Release|Any CPU = Release|Any CPU
		Release|Mixed Platforms = Release|Mixed Platforms
		Release|Win32 = Release|Win32
	EndGlobalSection
	GlobalSection(ProjectConfigurationPlatforms) = postSolution
		{697532FF-D1C4-439A-8D02-89843161B0F3}.Debug|Any CPU.ActiveCfg = Debug|Win32
		{697532FF-D1C4-439A-8D02-89843161B0F3}.Debug|Mixed Platforms.ActiveCfg = Debug|Win32
		{697532FF-D1C4-439A-8D02-89843161B0F3}.Debug|Mixed Platforms.Build.0 = Debug|Win32
		{697532FF-D1C4-439A-8D02-89843161B0F3}.Debug|Win32.ActiveCfg = Debug|Win32
		{697532FF-D1C4-439A-8D02-89843161B0F3}.Debug|Win32.Build.0 = Debug|Win32
		{697532FF-D1C4-439A-8D02-89843161B0F3}.Release|Any CPU.ActiveCfg = Release|Win32
		{697532FF-D1C4-439A-8D02-89843161B0F3}.Release|Mixed Platforms.ActiveCfg = Release|Win32
		{697532FF-D1C4-439A-8D02-89843161B0F3}.Release|Mixed Platforms.Build.0 = Release|Win32
		{697532FF-D1C4-439A-8D02-89843161B0F3}.Release|Win32.ActiveCfg = Release|Win32
		{697532FF-D1C4-439A-8D02-89843161B0F3}.Release|Win32.Build.0 = Release|Win32
		{48335677-8037-4628-BAF1-7594AEB1D46A}.Debug|Any CPU.ActiveCfg = Debug|Win32
		{48335677-8037-4628-BAF1-7594AEB1D46A}.Debug|Mixed Platforms.ActiveCfg = Debug|Win32
		{48335677-8037-4628-BAF1-7594AEB1D46A}.Debug|Mixed Platforms.Build.0 = Debug|Win32
		{48335677-8037-4628-BAF1-7594AEB1D46A}.Debug|Win32.ActiveCfg = Debug|Win32
		{48335677-8037-4628-BAF1-7594AEB1D46A}.Debug|Win32.Build.0 = Debug|Win32
		{48335677-8037-4628-BAF1-7594AEB1D46A}.Release|Any CPU.ActiveCfg = Release|Win32
		{48335677-8037-4628-BAF1-7594AEB1D46A}.Release|Mixed Platforms.ActiveCfg = Release|Win32
		{48335677-8037-4628-BAF1-7594AEB1D46A}.Release|Mixed Platforms.Build.0 = Release|Win32
		{48335677-8037-4628-BAF1-7594AEB1D46A}.Release|Win32.ActiveCfg = Release|Win32
		{48335677-8037-4628-BAF1-7594AEB1D46A}.Release|Win32.Build.0 = Release|Win32
		{4EC45EC2-C273-4D19-8CED-5C9038A85BA6}.Debug|Any CPU.ActiveCfg = Debug|Any CPU
		{4EC45EC2-C273-4D19-8CED-5C9038A85BA6}.Debug|Any CPU.Build.0 = Debug|Any CPU
		{4EC45EC2-C273-4D19-8CED-5C9038A85BA6}.Debug|Mixed Platforms.ActiveCfg = Debug|Any CPU
		{4EC45EC2-C273-4D19-8CED-5C9038A85BA6}.Debug|Mixed Platforms.Build.0 = Debug|Any CPU
		{4EC45EC2-C273-4D19-8CED-5C9038A85BA6}.Debug|Win32.ActiveCfg = Debug|Any CPU
		{4EC45EC2-C273-4D19-8CED-5C9038A85BA6}.Release|Any CPU.ActiveCfg = Release|Any CPU
		{4EC45EC2-C273-4D19-8CED-5C9038A85BA6}.Release|Any CPU.Build.0 = Release|Any CPU
		{4EC45EC2-C273-4D19-8CED-5C9038A85BA6}.Release|Mixed Platforms.ActiveCfg = Release|Any CPU
		{4EC45EC2-C273-4D19-8CED-5C9038A85BA6}.Release|Mixed Platforms.Build.0 = Release|Any CPU
		{4EC45EC2-C273-4D19-8CED-5C9038A85BA6}.Release|Win32.ActiveCfg = Release|Any CPU
	EndGlobalSection
	GlobalSection(SolutionProperties) = preSolution
		HideSolutionNode = FALSE
	EndGlobalSection
EndGlobal
